
Microsoft Visual Studio Solution File, Format Version 12.00
# Visual Studio Version 17
VisualStudioVersion = 17.8.34309.116
MinimumVisualStudioVersion = 10.0.40219.1
Project("{9A19103F-16F7-4668-BE54-9A1E7A4F7556}") = "Project2.Server", "Project2\Server\Project2.Server.csproj", "{809047E1-BDED-41AB-933F-0727F166F50B}"
EndProject
Project("{9A19103F-16F7-4668-BE54-9A1E7A4F7556}") = "Project2.Client", "Project2\Client\Project2.Client.csproj", "{8D7BD19A-26BB-4E63-A50C-8A98AC76B10F}"
EndProject
Project("{9A19103F-16F7-4668-BE54-9A1E7A4F7556}") = "Project2.Shared", "Project2\Shared\Project2.Shared.csproj", "{49C3BDAF-2EF2-4281-8A10-514AF27FA0AD}"
EndProject
Global
	GlobalSection(SolutionConfigurationPlatforms) = preSolution
		Debug|Any CPU = Debug|Any CPU
		Release|Any CPU = Release|Any CPU
	EndGlobalSection
	GlobalSection(ProjectConfigurationPlatforms) = postSolution
		{809047E1-BDED-41AB-933F-0727F166F50B}.Debug|Any CPU.ActiveCfg = Debug|Any CPU
		{809047E1-BDED-41AB-933F-0727F166F50B}.Debug|Any CPU.Build.0 = Debug|Any CPU
		{809047E1-BDED-41AB-933F-0727F166F50B}.Release|Any CPU.ActiveCfg = Release|Any CPU
		{809047E1-BDED-41AB-933F-0727F166F50B}.Release|Any CPU.Build.0 = Release|Any CPU
		{8D7BD19A-26BB-4E63-A50C-8A98AC76B10F}.Debug|Any CPU.ActiveCfg = Debug|Any CPU
		{8D7BD19A-26BB-4E63-A50C-8A98AC76B10F}.Debug|Any CPU.Build.0 = Debug|Any CPU
		{8D7BD19A-26BB-4E63-A50C-8A98AC76B10F}.Release|Any CPU.ActiveCfg = Release|Any CPU
		{8D7BD19A-26BB-4E63-A50C-8A98AC76B10F}.Release|Any CPU.Build.0 = Release|Any CPU
		{49C3BDAF-2EF2-4281-8A10-514AF27FA0AD}.Debug|Any CPU.ActiveCfg = Debug|Any CPU
		{49C3BDAF-2EF2-4281-8A10-514AF27FA0AD}.Debug|Any CPU.Build.0 = Debug|Any CPU
		{49C3BDAF-2EF2-4281-8A10-514AF27FA0AD}.Release|Any CPU.ActiveCfg = Release|Any CPU
		{49C3BDAF-2EF2-4281-8A10-514AF27FA0AD}.Release|Any CPU.Build.0 = Release|Any CPU
	EndGlobalSection
	GlobalSection(SolutionProperties) = preSolution
		HideSolutionNode = FALSE
	EndGlobalSection
	GlobalSection(ExtensibilityGlobals) = postSolution
		SolutionGuid = {84D6E8A0-394E-4CD3-A63E-142B25C60C56}
	EndGlobalSection
EndGlobal
